
Microsoft Visual Studio Solution File, Format Version 12.00
# Visual Studio Version 16
VisualStudioVersion = 16.0.30114.105
MinimumVisualStudioVersion = 10.0.40219.1
Project("{FAE04EC0-301F-11D3-BF4B-00C04F79EFBC}") = "WriteEurope", "WriteEurope.csproj", "{68B75EB2-019B-429F-A223-2325DFE86670}"
EndProject
Global
	GlobalSection(SolutionConfigurationPlatforms) = preSolution
		Debug|Any CPU = Debug|Any CPU
		Release|Any CPU = Release|Any CPU
	EndGlobalSection
	GlobalSection(ProjectConfigurationPlatforms) = postSolution
		{68B75EB2-019B-429F-A223-2325DFE86670}.Debug|Any CPU.ActiveCfg = Debug|Any CPU
		{68B75EB2-019B-429F-A223-2325DFE86670}.Debug|Any CPU.Build.0 = Debug|Any CPU
		{68B75EB2-019B-429F-A223-2325DFE86670}.Release|Any CPU.ActiveCfg = Release|Any CPU
		{68B75EB2-019B-429F-A223-2325DFE86670}.Release|Any CPU.Build.0 = Release|Any CPU
	EndGlobalSection
	GlobalSection(SolutionProperties) = preSolution
		HideSolutionNode = FALSE
	EndGlobalSection
	GlobalSection(ExtensibilityGlobals) = postSolution
		SolutionGuid = {4C7DC779-8F7C-4BE3-B3DA-F7C1E1745632}
	EndGlobalSection
EndGlobal
